
Microsoft Visual Studio Solution File, Format Version 12.00
# Visual Studio 15
VisualStudioVersion = 15.0.28307.1525
MinimumVisualStudioVersion = 10.0.40219.1
Project("{FAE04EC0-301F-11D3-BF4B-00C04F79EFBC}") = "Give_Aid", "Give_Aid\Give_Aid.csproj", "{7C36195D-407C-4B8E-9DB8-A4693A70B839}"
EndProject
Global
	GlobalSection(SolutionConfigurationPlatforms) = preSolution
		Debug|Any CPU = Debug|Any CPU
		Release|Any CPU = Release|Any CPU
	EndGlobalSection
	GlobalSection(ProjectConfigurationPlatforms) = postSolution
		{7C36195D-407C-4B8E-9DB8-A4693A70B839}.Debug|Any CPU.ActiveCfg = Debug|Any CPU
		{7C36195D-407C-4B8E-9DB8-A4693A70B839}.Debug|Any CPU.Build.0 = Debug|Any CPU
		{7C36195D-407C-4B8E-9DB8-A4693A70B839}.Release|Any CPU.ActiveCfg = Release|Any CPU
		{7C36195D-407C-4B8E-9DB8-A4693A70B839}.Release|Any CPU.Build.0 = Release|Any CPU
	EndGlobalSection
	GlobalSection(SolutionProperties) = preSolution
		HideSolutionNode = FALSE
	EndGlobalSection
	GlobalSection(ExtensibilityGlobals) = postSolution
		SolutionGuid = {FC30CCC2-4B28-461D-8F69-1F5BE2506F09}
	EndGlobalSection
EndGlobal
